
Microsoft Visual Studio Solution File, Format Version 12.00
# Visual Studio 15
VisualStudioVersion = 15.0.28307.489
MinimumVisualStudioVersion = 10.0.40219.1
Project("{FAE04EC0-301F-11D3-BF4B-00C04F79EFBC}") = "Music Player", "Music Player\Music Player.csproj", "{2461B92E-CD00-40AA-BE47-F46027A074BF}"
EndProject
Global
	GlobalSection(SolutionConfigurationPlatforms) = preSolution
		Debug|Any CPU = Debug|Any CPU
		Release|Any CPU = Release|Any CPU
	EndGlobalSection
	GlobalSection(ProjectConfigurationPlatforms) = postSolution
		{2461B92E-CD00-40AA-BE47-F46027A074BF}.Debug|Any CPU.ActiveCfg = Debug|Any CPU
		{2461B92E-CD00-40AA-BE47-F46027A074BF}.Debug|Any CPU.Build.0 = Debug|Any CPU
		{2461B92E-CD00-40AA-BE47-F46027A074BF}.Release|Any CPU.ActiveCfg = Release|Any CPU
		{2461B92E-CD00-40AA-BE47-F46027A074BF}.Release|Any CPU.Build.0 = Release|Any CPU
	EndGlobalSection
	GlobalSection(SolutionProperties) = preSolution
		HideSolutionNode = FALSE
	EndGlobalSection
	GlobalSection(ExtensibilityGlobals) = postSolution
		SolutionGuid = {CF37FEBC-C656-49E8-B739-E095E226748C}
	EndGlobalSection
EndGlobal
